// !$*UTF8*$!
{
	archiveVersion = 1;
	classes = {
	};
	objectVersion = 46;
	objects = {

/* Begin PBXBuildFile section */
		090094291C0E359800F4523B /* checkmark@2x.png in Resources */ = {isa = PBXBuildFile; fileRef = 090094281C0E359800F4523B /* checkmark@2x.png */; };
		0912CD9E1C06D5D700A0E0E0 /* color_picker@2x.png in Resources */ = {isa = PBXBuildFile; fileRef = 0912CD9C1C06D5D700A0E0E0 /* color_picker@2x.png */; };
		0912CD9F1C06D5D700A0E0E0 /* pencil@2x.png in Resources */ = {isa = PBXBuildFile; fileRef = 0912CD9D1C06D5D700A0E0E0 /* pencil@2x.png */; };
		0912CDA11C06E98C00A0E0E0 /* ColorPickerViewController.swift in Sources */ = {isa = PBXBuildFile; fileRef = 0912CDA01C06E98C00A0E0E0 /* ColorPickerViewController.swift */; };
		092B446A1C0C32A400281D89 /* LineWidthPickerViewController.swift in Sources */ = {isa = PBXBuildFile; fileRef = 092B44691C0C32A400281D89 /* LineWidthPickerViewController.swift */; };
		092B446C1C0C433500281D89 /* FinishedSketchViewController.swift in Sources */ = {isa = PBXBuildFile; fileRef = 092B446B1C0C433500281D89 /* FinishedSketchViewController.swift */; };
		092B446E1C0C46B400281D89 /* InvitesViewController.swift in Sources */ = {isa = PBXBuildFile; fileRef = 092B446D1C0C46B400281D89 /* InvitesViewController.swift */; };
		09375C9C1C05324300436510 /* IQNSArray+Sort.swift in Sources */ = {isa = PBXBuildFile; fileRef = 09375C881C05324300436510 /* IQNSArray+Sort.swift */; };
		09375C9D1C05324300436510 /* IQUITextFieldView+Additions.swift in Sources */ = {isa = PBXBuildFile; fileRef = 09375C891C05324300436510 /* IQUITextFieldView+Additions.swift */; };
		09375C9E1C05324300436510 /* IQUIView+Hierarchy.swift in Sources */ = {isa = PBXBuildFile; fileRef = 09375C8A1C05324300436510 /* IQUIView+Hierarchy.swift */; };
		09375C9F1C05324300436510 /* IQUIViewController+Additions.swift in Sources */ = {isa = PBXBuildFile; fileRef = 09375C8B1C05324300436510 /* IQUIViewController+Additions.swift */; };
		09375CA01C05324300436510 /* IQUIWindow+Hierarchy.swift in Sources */ = {isa = PBXBuildFile; fileRef = 09375C8C1C05324300436510 /* IQUIWindow+Hierarchy.swift */; };
		09375CA11C05324300436510 /* IQKeyboardManagerConstants.swift in Sources */ = {isa = PBXBuildFile; fileRef = 09375C8E1C05324300436510 /* IQKeyboardManagerConstants.swift */; };
		09375CA21C05324300436510 /* IQKeyboardManagerConstantsInternal.swift in Sources */ = {isa = PBXBuildFile; fileRef = 09375C8F1C05324300436510 /* IQKeyboardManagerConstantsInternal.swift */; };
		09375CA31C05324300436510 /* IQKeyboardManager.swift in Sources */ = {isa = PBXBuildFile; fileRef = 09375C901C05324300436510 /* IQKeyboardManager.swift */; };
		09375CA41C05324300436510 /* IQKeyboardReturnKeyHandler.swift in Sources */ = {isa = PBXBuildFile; fileRef = 09375C911C05324300436510 /* IQKeyboardReturnKeyHandler.swift */; };
		09375CA51C05324300436510 /* IQTextView.swift in Sources */ = {isa = PBXBuildFile; fileRef = 09375C931C05324300436510 /* IQTextView.swift */; };
		09375CA61C05324300436510 /* IQBarButtonItem.swift in Sources */ = {isa = PBXBuildFile; fileRef = 09375C951C05324300436510 /* IQBarButtonItem.swift */; };
		09375CA71C05324300436510 /* IQTitleBarButtonItem.swift in Sources */ = {isa = PBXBuildFile; fileRef = 09375C961C05324300436510 /* IQTitleBarButtonItem.swift */; };
		09375CA81C05324300436510 /* IQToolbar.swift in Sources */ = {isa = PBXBuildFile; fileRef = 09375C971C05324300436510 /* IQToolbar.swift */; };
		09375CA91C05324300436510 /* IQUIView+IQKeyboardToolbar.swift in Sources */ = {isa = PBXBuildFile; fileRef = 09375C981C05324300436510 /* IQUIView+IQKeyboardToolbar.swift */; };
		09375CAA1C05324300436510 /* Info.plist in Resources */ = {isa = PBXBuildFile; fileRef = 09375C9A1C05324300436510 /* Info.plist */; };
		09375CAB1C05324300436510 /* IQKeyboardManager.bundle in Resources */ = {isa = PBXBuildFile; fileRef = 09375C9B1C05324300436510 /* IQKeyboardManager.bundle */; };
		09719AE51BF72578009BEE15 /* AppDelegate.swift in Sources */ = {isa = PBXBuildFile; fileRef = 09719AE41BF72578009BEE15 /* AppDelegate.swift */; };
		09719AE71BF72578009BEE15 /* ViewController.swift in Sources */ = {isa = PBXBuildFile; fileRef = 09719AE61BF72578009BEE15 /* ViewController.swift */; };
		09719AEA1BF72578009BEE15 /* Main.storyboard in Resources */ = {isa = PBXBuildFile; fileRef = 09719AE81BF72578009BEE15 /* Main.storyboard */; };
		09719AEC1BF72578009BEE15 /* Assets.xcassets in Resources */ = {isa = PBXBuildFile; fileRef = 09719AEB1BF72578009BEE15 /* Assets.xcassets */; };
		09719AEF1BF72578009BEE15 /* LaunchScreen.storyboard in Resources */ = {isa = PBXBuildFile; fileRef = 09719AED1BF72578009BEE15 /* LaunchScreen.storyboard */; };
		09719AF71BF72ACC009BEE15 /* FeedTableViewController.swift in Sources */ = {isa = PBXBuildFile; fileRef = 09719AF61BF72ACC009BEE15 /* FeedTableViewController.swift */; };
		09719AF91BF7315C009BEE15 /* WhiteboardViewController.swift in Sources */ = {isa = PBXBuildFile; fileRef = 09719AF81BF7315C009BEE15 /* WhiteboardViewController.swift */; };
		09719AFB1BF731C0009BEE15 /* SessionSetupTableViewController.swift in Sources */ = {isa = PBXBuildFile; fileRef = 09719AFA1BF731C0009BEE15 /* SessionSetupTableViewController.swift */; };
		09719B051BF74AA2009BEE15 /* SwiftyJSON.swift in Sources */ = {isa = PBXBuildFile; fileRef = 09719B041BF74AA2009BEE15 /* SwiftyJSON.swift */; };
		0974A8421C047FD700F1503E /* Sketch.swift in Sources */ = {isa = PBXBuildFile; fileRef = 0974A8411C047FD700F1503E /* Sketch.swift */; };
		0974A8451C04892900F1503E /* Threading.swift in Sources */ = {isa = PBXBuildFile; fileRef = 0974A8441C04892900F1503E /* Threading.swift */; };
		0974A8471C049DBB00F1503E /* Artist.swift in Sources */ = {isa = PBXBuildFile; fileRef = 0974A8461C049DBB00F1503E /* Artist.swift */; };
		0974A8491C05074B00F1503E /* Comment.swift in Sources */ = {isa = PBXBuildFile; fileRef = 0974A8481C05074B00F1503E /* Comment.swift */; };
		09A4BB731BFE65570032DB59 /* QuartzCore.framework in Frameworks */ = {isa = PBXBuildFile; fileRef = 09A4BB721BFE65570032DB59 /* QuartzCore.framework */; };
		09C792F21BFFB58B009D2C96 /* AmaticSC-Bold.ttf in Resources */ = {isa = PBXBuildFile; fileRef = 09C792E61BFFB58B009D2C96 /* AmaticSC-Bold.ttf */; };
		09C792F31BFFB58B009D2C96 /* AmaticSC-Regular.ttf in Resources */ = {isa = PBXBuildFile; fileRef = 09C792E71BFFB58B009D2C96 /* AmaticSC-Regular.ttf */; };
		09C792F41BFFB58B009D2C96 /* comment_icon.png in Resources */ = {isa = PBXBuildFile; fileRef = 09C792E91BFFB58B009D2C96 /* comment_icon.png */; };
		09C792F51BFFB58B009D2C96 /* heart_icon.png in Resources */ = {isa = PBXBuildFile; fileRef = 09C792EA1BFFB58B009D2C96 /* heart_icon.png */; };
		09C792F61BFFB58B009D2C96 /* logo.png in Resources */ = {isa = PBXBuildFile; fileRef = 09C792EB1BFFB58B009D2C96 /* logo.png */; };
		09C792F71BFFB58B009D2C96 /* new_sketch.png in Resources */ = {isa = PBXBuildFile; fileRef = 09C792EC1BFFB58B009D2C96 /* new_sketch.png */; };
		09C792F81BFFB58B009D2C96 /* profile_placeholder.png in Resources */ = {isa = PBXBuildFile; fileRef = 09C792ED1BFFB58B009D2C96 /* profile_placeholder.png */; };
		09C792F91BFFB58B009D2C96 /* feed.json in Resources */ = {isa = PBXBuildFile; fileRef = 09C792EF1BFFB58B009D2C96 /* feed.json */; };
		09C792FA1BFFB58B009D2C96 /* feed2.json in Resources */ = {isa = PBXBuildFile; fileRef = 09C792F01BFFB58B009D2C96 /* feed2.json */; };
		09C792FB1BFFB58B009D2C96 /* friends.json in Resources */ = {isa = PBXBuildFile; fileRef = 09C792F11BFFB58B009D2C96 /* friends.json */; };
		09F92C8D1C07C19500E420D1 /* WhiteboardView.swift in Sources */ = {isa = PBXBuildFile; fileRef = 09F92C8C1C07C19500E420D1 /* WhiteboardView.swift */; };
		09F92C8F1C07C1FB00E420D1 /* Line.swift in Sources */ = {isa = PBXBuildFile; fileRef = 09F92C8E1C07C1FB00E420D1 /* Line.swift */; };
		269896EB1BFE945100E7E6E9 /* CommentController.swift in Sources */ = {isa = PBXBuildFile; fileRef = 269896EA1BFE945100E7E6E9 /* CommentController.swift */; };
		77E1F8A81C0D507300AEDF3E /* IQKeyboardManager.bundle in Sources */ = {isa = PBXBuildFile; fileRef = 77E1F8A71C0D507300AEDF3E /* IQKeyboardManager.bundle */; };
/* End PBXBuildFile section */

/* Begin PBXFileReference section */
		090094281C0E359800F4523B /* checkmark@2x.png */ = {isa = PBXFileReference; lastKnownFileType = image.png; path = "checkmark@2x.png"; sourceTree = "<group>"; };
		0912CD9C1C06D5D700A0E0E0 /* color_picker@2x.png */ = {isa = PBXFileReference; lastKnownFileType = image.png; path = "color_picker@2x.png"; sourceTree = "<group>"; };
		0912CD9D1C06D5D700A0E0E0 /* pencil@2x.png */ = {isa = PBXFileReference; lastKnownFileType = image.png; path = "pencil@2x.png"; sourceTree = "<group>"; };
		0912CDA01C06E98C00A0E0E0 /* ColorPickerViewController.swift */ = {isa = PBXFileReference; fileEncoding = 4; lastKnownFileType = sourcecode.swift; path = ColorPickerViewController.swift; sourceTree = "<group>"; };
		092B44691C0C32A400281D89 /* LineWidthPickerViewController.swift */ = {isa = PBXFileReference; fileEncoding = 4; lastKnownFileType = sourcecode.swift; path = LineWidthPickerViewController.swift; sourceTree = "<group>"; };
		092B446B1C0C433500281D89 /* FinishedSketchViewController.swift */ = {isa = PBXFileReference; fileEncoding = 4; lastKnownFileType = sourcecode.swift; path = FinishedSketchViewController.swift; sourceTree = "<group>"; };
		092B446D1C0C46B400281D89 /* InvitesViewController.swift */ = {isa = PBXFileReference; fileEncoding = 4; lastKnownFileType = sourcecode.swift; path = InvitesViewController.swift; sourceTree = "<group>"; };
		09375C881C05324300436510 /* IQNSArray+Sort.swift */ = {isa = PBXFileReference; fileEncoding = 4; lastKnownFileType = sourcecode.swift; path = "IQNSArray+Sort.swift"; sourceTree = "<group>"; };
		09375C891C05324300436510 /* IQUITextFieldView+Additions.swift */ = {isa = PBXFileReference; fileEncoding = 4; lastKnownFileType = sourcecode.swift; path = "IQUITextFieldView+Additions.swift"; sourceTree = "<group>"; };
		09375C8A1C05324300436510 /* IQUIView+Hierarchy.swift */ = {isa = PBXFileReference; fileEncoding = 4; lastKnownFileType = sourcecode.swift; path = "IQUIView+Hierarchy.swift"; sourceTree = "<group>"; };
		09375C8B1C05324300436510 /* IQUIViewController+Additions.swift */ = {isa = PBXFileReference; fileEncoding = 4; lastKnownFileType = sourcecode.swift; path = "IQUIViewController+Additions.swift"; sourceTree = "<group>"; };
		09375C8C1C05324300436510 /* IQUIWindow+Hierarchy.swift */ = {isa = PBXFileReference; fileEncoding = 4; lastKnownFileType = sourcecode.swift; path = "IQUIWindow+Hierarchy.swift"; sourceTree = "<group>"; };
		09375C8E1C05324300436510 /* IQKeyboardManagerConstants.swift */ = {isa = PBXFileReference; fileEncoding = 4; lastKnownFileType = sourcecode.swift; path = IQKeyboardManagerConstants.swift; sourceTree = "<group>"; };
		09375C8F1C05324300436510 /* IQKeyboardManagerConstantsInternal.swift */ = {isa = PBXFileReference; fileEncoding = 4; lastKnownFileType = sourcecode.swift; path = IQKeyboardManagerConstantsInternal.swift; sourceTree = "<group>"; };
		09375C901C05324300436510 /* IQKeyboardManager.swift */ = {isa = PBXFileReference; fileEncoding = 4; lastKnownFileType = sourcecode.swift; path = IQKeyboardManager.swift; sourceTree = "<group>"; };
		09375C911C05324300436510 /* IQKeyboardReturnKeyHandler.swift */ = {isa = PBXFileReference; fileEncoding = 4; lastKnownFileType = sourcecode.swift; path = IQKeyboardReturnKeyHandler.swift; sourceTree = "<group>"; };
		09375C931C05324300436510 /* IQTextView.swift */ = {isa = PBXFileReference; fileEncoding = 4; lastKnownFileType = sourcecode.swift; path = IQTextView.swift; sourceTree = "<group>"; };
		09375C951C05324300436510 /* IQBarButtonItem.swift */ = {isa = PBXFileReference; fileEncoding = 4; lastKnownFileType = sourcecode.swift; path = IQBarButtonItem.swift; sourceTree = "<group>"; };
		09375C961C05324300436510 /* IQTitleBarButtonItem.swift */ = {isa = PBXFileReference; fileEncoding = 4; lastKnownFileType = sourcecode.swift; path = IQTitleBarButtonItem.swift; sourceTree = "<group>"; };
		09375C971C05324300436510 /* IQToolbar.swift */ = {isa = PBXFileReference; fileEncoding = 4; lastKnownFileType = sourcecode.swift; path = IQToolbar.swift; sourceTree = "<group>"; };
		09375C981C05324300436510 /* IQUIView+IQKeyboardToolbar.swift */ = {isa = PBXFileReference; fileEncoding = 4; lastKnownFileType = sourcecode.swift; path = "IQUIView+IQKeyboardToolbar.swift"; sourceTree = "<group>"; };
		09375C9A1C05324300436510 /* Info.plist */ = {isa = PBXFileReference; fileEncoding = 4; lastKnownFileType = text.plist.xml; path = Info.plist; sourceTree = "<group>"; };
		09375C9B1C05324300436510 /* IQKeyboardManager.bundle */ = {isa = PBXFileReference; lastKnownFileType = "wrapper.plug-in"; path = IQKeyboardManager.bundle; sourceTree = "<group>"; };
		09719AE11BF72578009BEE15 /* TenLines.app */ = {isa = PBXFileReference; explicitFileType = wrapper.application; includeInIndex = 0; path = TenLines.app; sourceTree = BUILT_PRODUCTS_DIR; };
		09719AE41BF72578009BEE15 /* AppDelegate.swift */ = {isa = PBXFileReference; lastKnownFileType = sourcecode.swift; path = AppDelegate.swift; sourceTree = "<group>"; };
		09719AE61BF72578009BEE15 /* ViewController.swift */ = {isa = PBXFileReference; lastKnownFileType = sourcecode.swift; path = ViewController.swift; sourceTree = "<group>"; };
		09719AE91BF72578009BEE15 /* Base */ = {isa = PBXFileReference; lastKnownFileType = file.storyboard; name = Base; path = Base.lproj/Main.storyboard; sourceTree = "<group>"; };
		09719AEB1BF72578009BEE15 /* Assets.xcassets */ = {isa = PBXFileReference; lastKnownFileType = folder.assetcatalog; path = Assets.xcassets; sourceTree = "<group>"; };
		09719AEE1BF72578009BEE15 /* Base */ = {isa = PBXFileReference; lastKnownFileType = file.storyboard; name = Base; path = Base.lproj/LaunchScreen.storyboard; sourceTree = "<group>"; };
		09719AF01BF72578009BEE15 /* Info.plist */ = {isa = PBXFileReference; lastKnownFileType = text.plist.xml; path = Info.plist; sourceTree = "<group>"; };
		09719AF61BF72ACC009BEE15 /* FeedTableViewController.swift */ = {isa = PBXFileReference; fileEncoding = 4; lastKnownFileType = sourcecode.swift; path = FeedTableViewController.swift; sourceTree = "<group>"; };
		09719AF81BF7315C009BEE15 /* WhiteboardViewController.swift */ = {isa = PBXFileReference; fileEncoding = 4; lastKnownFileType = sourcecode.swift; path = WhiteboardViewController.swift; sourceTree = "<group>"; };
		09719AFA1BF731C0009BEE15 /* SessionSetupTableViewController.swift */ = {isa = PBXFileReference; fileEncoding = 4; lastKnownFileType = sourcecode.swift; path = SessionSetupTableViewController.swift; sourceTree = "<group>"; };
		09719B041BF74AA2009BEE15 /* SwiftyJSON.swift */ = {isa = PBXFileReference; fileEncoding = 4; lastKnownFileType = sourcecode.swift; path = SwiftyJSON.swift; sourceTree = "<group>"; };
		0974A8411C047FD700F1503E /* Sketch.swift */ = {isa = PBXFileReference; fileEncoding = 4; lastKnownFileType = sourcecode.swift; path = Sketch.swift; sourceTree = "<group>"; };
		0974A8441C04892900F1503E /* Threading.swift */ = {isa = PBXFileReference; fileEncoding = 4; lastKnownFileType = sourcecode.swift; path = Threading.swift; sourceTree = "<group>"; };
		0974A8461C049DBB00F1503E /* Artist.swift */ = {isa = PBXFileReference; fileEncoding = 4; lastKnownFileType = sourcecode.swift; path = Artist.swift; sourceTree = "<group>"; };
		0974A8481C05074B00F1503E /* Comment.swift */ = {isa = PBXFileReference; fileEncoding = 4; lastKnownFileType = sourcecode.swift; path = Comment.swift; sourceTree = "<group>"; };
		09A4BB721BFE65570032DB59 /* QuartzCore.framework */ = {isa = PBXFileReference; lastKnownFileType = wrapper.framework; name = QuartzCore.framework; path = System/Library/Frameworks/QuartzCore.framework; sourceTree = SDKROOT; };
		09C792E61BFFB58B009D2C96 /* AmaticSC-Bold.ttf */ = {isa = PBXFileReference; lastKnownFileType = file; path = "AmaticSC-Bold.ttf"; sourceTree = "<group>"; };
		09C792E71BFFB58B009D2C96 /* AmaticSC-Regular.ttf */ = {isa = PBXFileReference; lastKnownFileType = file; path = "AmaticSC-Regular.ttf"; sourceTree = "<group>"; };
		09C792E91BFFB58B009D2C96 /* comment_icon.png */ = {isa = PBXFileReference; lastKnownFileType = image.png; path = comment_icon.png; sourceTree = "<group>"; };
		09C792EA1BFFB58B009D2C96 /* heart_icon.png */ = {isa = PBXFileReference; lastKnownFileType = image.png; path = heart_icon.png; sourceTree = "<group>"; };
		09C792EB1BFFB58B009D2C96 /* logo.png */ = {isa = PBXFileReference; lastKnownFileType = image.png; path = logo.png; sourceTree = "<group>"; };
		09C792EC1BFFB58B009D2C96 /* new_sketch.png */ = {isa = PBXFileReference; lastKnownFileType = image.png; path = new_sketch.png; sourceTree = "<group>"; };
		09C792ED1BFFB58B009D2C96 /* profile_placeholder.png */ = {isa = PBXFileReference; lastKnownFileType = image.png; path = profile_placeholder.png; sourceTree = "<group>"; };
		09C792EF1BFFB58B009D2C96 /* feed.json */ = {isa = PBXFileReference; fileEncoding = 4; lastKnownFileType = text.json; path = feed.json; sourceTree = "<group>"; };
		09C792F01BFFB58B009D2C96 /* feed2.json */ = {isa = PBXFileReference; fileEncoding = 4; lastKnownFileType = text.json; path = feed2.json; sourceTree = "<group>"; };
		09C792F11BFFB58B009D2C96 /* friends.json */ = {isa = PBXFileReference; fileEncoding = 4; lastKnownFileType = text.json; path = friends.json; sourceTree = "<group>"; };
		09F92C8C1C07C19500E420D1 /* WhiteboardView.swift */ = {isa = PBXFileReference; fileEncoding = 4; lastKnownFileType = sourcecode.swift; path = WhiteboardView.swift; sourceTree = "<group>"; };
		09F92C8E1C07C1FB00E420D1 /* Line.swift */ = {isa = PBXFileReference; fileEncoding = 4; lastKnownFileType = sourcecode.swift; path = Line.swift; sourceTree = "<group>"; };
		269896EA1BFE945100E7E6E9 /* CommentController.swift */ = {isa = PBXFileReference; fileEncoding = 4; lastKnownFileType = sourcecode.swift; path = CommentController.swift; sourceTree = "<group>"; };
		77E1F8A71C0D507300AEDF3E /* IQKeyboardManager.bundle */ = {isa = PBXFileReference; lastKnownFileType = "wrapper.plug-in"; name = IQKeyboardManager.bundle; path = TenLines/IQKeyboardManagerSwift/Resources/IQKeyboardManager.bundle; sourceTree = "<group>"; };
/* End PBXFileReference section */

/* Begin PBXFrameworksBuildPhase section */
		09719ADE1BF72578009BEE15 /* Frameworks */ = {
			isa = PBXFrameworksBuildPhase;
			buildActionMask = 2147483647;
			files = (
				09A4BB731BFE65570032DB59 /* QuartzCore.framework in Frameworks */,
			);
			runOnlyForDeploymentPostprocessing = 0;
		};
/* End PBXFrameworksBuildPhase section */

/* Begin PBXGroup section */
		09375C861C05324300436510 /* IQKeyboardManagerSwift */ = {
			isa = PBXGroup;
			children = (
				09375C871C05324300436510 /* Categories */,
				09375C8D1C05324300436510 /* Constants */,
				09375C901C05324300436510 /* IQKeyboardManager.swift */,
				09375C911C05324300436510 /* IQKeyboardReturnKeyHandler.swift */,
				09375C921C05324300436510 /* IQTextView */,
				09375C941C05324300436510 /* IQToolbar */,
				09375C991C05324300436510 /* Resources */,
			);
			path = IQKeyboardManagerSwift;
			sourceTree = "<group>";
		};
		09375C871C05324300436510 /* Categories */ = {
			isa = PBXGroup;
			children = (
				09375C881C05324300436510 /* IQNSArray+Sort.swift */,
				09375C891C05324300436510 /* IQUITextFieldView+Additions.swift */,
				09375C8A1C05324300436510 /* IQUIView+Hierarchy.swift */,
				09375C8B1C05324300436510 /* IQUIViewController+Additions.swift */,
				09375C8C1C05324300436510 /* IQUIWindow+Hierarchy.swift */,
			);
			path = Categories;
			sourceTree = "<group>";
		};
		09375C8D1C05324300436510 /* Constants */ = {
			isa = PBXGroup;
			children = (
				09375C8E1C05324300436510 /* IQKeyboardManagerConstants.swift */,
				09375C8F1C05324300436510 /* IQKeyboardManagerConstantsInternal.swift */,
			);
			path = Constants;
			sourceTree = "<group>";
		};
		09375C921C05324300436510 /* IQTextView */ = {
			isa = PBXGroup;
			children = (
				09375C931C05324300436510 /* IQTextView.swift */,
			);
			path = IQTextView;
			sourceTree = "<group>";
		};
		09375C941C05324300436510 /* IQToolbar */ = {
			isa = PBXGroup;
			children = (
				09375C951C05324300436510 /* IQBarButtonItem.swift */,
				09375C961C05324300436510 /* IQTitleBarButtonItem.swift */,
				09375C971C05324300436510 /* IQToolbar.swift */,
				09375C981C05324300436510 /* IQUIView+IQKeyboardToolbar.swift */,
			);
			path = IQToolbar;
			sourceTree = "<group>";
		};
		09375C991C05324300436510 /* Resources */ = {
			isa = PBXGroup;
			children = (
				09375C9A1C05324300436510 /* Info.plist */,
				09375C9B1C05324300436510 /* IQKeyboardManager.bundle */,
			);
			path = Resources;
			sourceTree = "<group>";
		};
		09719AD81BF72578009BEE15 = {
			isa = PBXGroup;
			children = (
				77E1F8A71C0D507300AEDF3E /* IQKeyboardManager.bundle */,
				09A4BB721BFE65570032DB59 /* QuartzCore.framework */,
				09719AE31BF72578009BEE15 /* TenLines */,
				09719AE21BF72578009BEE15 /* Products */,
			);
			sourceTree = "<group>";
		};
		09719AE21BF72578009BEE15 /* Products */ = {
			isa = PBXGroup;
			children = (
				09719AE11BF72578009BEE15 /* TenLines.app */,
			);
			name = Products;
			sourceTree = "<group>";
		};
		09719AE31BF72578009BEE15 /* TenLines */ = {
			isa = PBXGroup;
			children = (
				09C792E41BFFB58B009D2C96 /* Assets */,
				09719B021BF74A8F009BEE15 /* Third party */,
				0974A8401C047FB800F1503E /* Data classes */,
				09F92C8B1C07C17C00E420D1 /* Custom views */,
				09719AFC1BF73E25009BEE15 /* View controllers */,
				09719AE41BF72578009BEE15 /* AppDelegate.swift */,
				09719AE81BF72578009BEE15 /* Main.storyboard */,
				09719AEB1BF72578009BEE15 /* Assets.xcassets */,
				09719AED1BF72578009BEE15 /* LaunchScreen.storyboard */,
				09719AF01BF72578009BEE15 /* Info.plist */,
			);
			path = TenLines;
			sourceTree = "<group>";
		};
		09719AFC1BF73E25009BEE15 /* View controllers */ = {
			isa = PBXGroup;
			children = (
				269896EA1BFE945100E7E6E9 /* CommentController.swift */,
				09719AE61BF72578009BEE15 /* ViewController.swift */,
				09719AF81BF7315C009BEE15 /* WhiteboardViewController.swift */,
				09719AFA1BF731C0009BEE15 /* SessionSetupTableViewController.swift */,
				09719AF61BF72ACC009BEE15 /* FeedTableViewController.swift */,
				0912CDA01C06E98C00A0E0E0 /* ColorPickerViewController.swift */,
				092B44691C0C32A400281D89 /* LineWidthPickerViewController.swift */,
				092B446B1C0C433500281D89 /* FinishedSketchViewController.swift */,
				092B446D1C0C46B400281D89 /* InvitesViewController.swift */,
			);
			name = "View controllers";
			sourceTree = "<group>";
		};
		09719B021BF74A8F009BEE15 /* Third party */ = {
			isa = PBXGroup;
			children = (
				09375C861C05324300436510 /* IQKeyboardManagerSwift */,
				0974A8431C04891A00F1503E /* SwiftThreading */,
				09719B031BF74A9A009BEE15 /* SwiftyJSON */,
			);
			name = "Third party";
			sourceTree = "<group>";
		};
		09719B031BF74A9A009BEE15 /* SwiftyJSON */ = {
			isa = PBXGroup;
			children = (
				09719B041BF74AA2009BEE15 /* SwiftyJSON.swift */,
			);
			name = SwiftyJSON;
			sourceTree = "<group>";
		};
		0974A8401C047FB800F1503E /* Data classes */ = {
			isa = PBXGroup;
			children = (
				0974A8411C047FD700F1503E /* Sketch.swift */,
				0974A8461C049DBB00F1503E /* Artist.swift */,
				0974A8481C05074B00F1503E /* Comment.swift */,
				09F92C8E1C07C1FB00E420D1 /* Line.swift */,
			);
			name = "Data classes";
			sourceTree = "<group>";
		};
		0974A8431C04891A00F1503E /* SwiftThreading */ = {
			isa = PBXGroup;
			children = (
				0974A8441C04892900F1503E /* Threading.swift */,
			);
			name = SwiftThreading;
			sourceTree = "<group>";
		};
		09C792E41BFFB58B009D2C96 /* Assets */ = {
			isa = PBXGroup;
			children = (
				09C792E51BFFB58B009D2C96 /* Fonts */,
				09C792E81BFFB58B009D2C96 /* Images */,
				09C792EE1BFFB58B009D2C96 /* JSON */,
			);
			path = Assets;
			sourceTree = "<group>";
		};
		09C792E51BFFB58B009D2C96 /* Fonts */ = {
			isa = PBXGroup;
			children = (
				09C792E61BFFB58B009D2C96 /* AmaticSC-Bold.ttf */,
				09C792E71BFFB58B009D2C96 /* AmaticSC-Regular.ttf */,
			);
			path = Fonts;
			sourceTree = "<group>";
		};
		09C792E81BFFB58B009D2C96 /* Images */ = {
			isa = PBXGroup;
			children = (
				090094281C0E359800F4523B /* checkmark@2x.png */,
				0912CD9C1C06D5D700A0E0E0 /* color_picker@2x.png */,
				0912CD9D1C06D5D700A0E0E0 /* pencil@2x.png */,
				09C792E91BFFB58B009D2C96 /* comment_icon.png */,
				09C792EA1BFFB58B009D2C96 /* heart_icon.png */,
				09C792EB1BFFB58B009D2C96 /* logo.png */,
				09C792EC1BFFB58B009D2C96 /* new_sketch.png */,
				09C792ED1BFFB58B009D2C96 /* profile_placeholder.png */,
			);
			path = Images;
			sourceTree = "<group>";
		};
		09C792EE1BFFB58B009D2C96 /* JSON */ = {
			isa = PBXGroup;
			children = (
				09C792EF1BFFB58B009D2C96 /* feed.json */,
				09C792F01BFFB58B009D2C96 /* feed2.json */,
				09C792F11BFFB58B009D2C96 /* friends.json */,
			);
			path = JSON;
			sourceTree = "<group>";
		};
		09F92C8B1C07C17C00E420D1 /* Custom views */ = {
			isa = PBXGroup;
			children = (
				09F92C8C1C07C19500E420D1 /* WhiteboardView.swift */,
			);
			name = "Custom views";
			sourceTree = "<group>";
		};
/* End PBXGroup section */

/* Begin PBXNativeTarget section */
		09719AE01BF72578009BEE15 /* TenLines */ = {
			isa = PBXNativeTarget;
			buildConfigurationList = 09719AF31BF72578009BEE15 /* Build configuration list for PBXNativeTarget "TenLines" */;
			buildPhases = (
				09719ADD1BF72578009BEE15 /* Sources */,
				09719ADE1BF72578009BEE15 /* Frameworks */,
				09719ADF1BF72578009BEE15 /* Resources */,
			);
			buildRules = (
			);
			dependencies = (
			);
			name = TenLines;
			productName = TenLines;
			productReference = 09719AE11BF72578009BEE15 /* TenLines.app */;
			productType = "com.apple.product-type.application";
		};
/* End PBXNativeTarget section */

/* Begin PBXProject section */
		09719AD91BF72578009BEE15 /* Project object */ = {
			isa = PBXProject;
			attributes = {
				LastSwiftUpdateCheck = 0710;
				LastUpgradeCheck = 0710;
				ORGANIZATIONNAME = "Art Attack";
				TargetAttributes = {
					09719AE01BF72578009BEE15 = {
						CreatedOnToolsVersion = 7.1.1;
					};
				};
			};
			buildConfigurationList = 09719ADC1BF72578009BEE15 /* Build configuration list for PBXProject "TenLines" */;
			compatibilityVersion = "Xcode 3.2";
			developmentRegion = English;
			hasScannedForEncodings = 0;
			knownRegions = (
				en,
				Base,
			);
			mainGroup = 09719AD81BF72578009BEE15;
			productRefGroup = 09719AE21BF72578009BEE15 /* Products */;
			projectDirPath = "";
			projectRoot = "";
			targets = (
				09719AE01BF72578009BEE15 /* TenLines */,
			);
		};
/* End PBXProject section */

/* Begin PBXResourcesBuildPhase section */
		09719ADF1BF72578009BEE15 /* Resources */ = {
			isa = PBXResourcesBuildPhase;
			buildActionMask = 2147483647;
			files = (
				09C792FA1BFFB58B009D2C96 /* feed2.json in Resources */,
				09C792F31BFFB58B009D2C96 /* AmaticSC-Regular.ttf in Resources */,
				09C792F91BFFB58B009D2C96 /* feed.json in Resources */,
				09C792F21BFFB58B009D2C96 /* AmaticSC-Bold.ttf in Resources */,
				09C792F71BFFB58B009D2C96 /* new_sketch.png in Resources */,
				09C792FB1BFFB58B009D2C96 /* friends.json in Resources */,
				0912CD9F1C06D5D700A0E0E0 /* pencil@2x.png in Resources */,
				09375CAB1C05324300436510 /* IQKeyboardManager.bundle in Resources */,
				09C792F81BFFB58B009D2C96 /* profile_placeholder.png in Resources */,
				09375CAA1C05324300436510 /* Info.plist in Resources */,
				09719AEF1BF72578009BEE15 /* LaunchScreen.storyboard in Resources */,
				09C792F51BFFB58B009D2C96 /* heart_icon.png in Resources */,
				09C792F61BFFB58B009D2C96 /* logo.png in Resources */,
				0912CD9E1C06D5D700A0E0E0 /* color_picker@2x.png in Resources */,
				09719AEC1BF72578009BEE15 /* Assets.xcassets in Resources */,
				09C792F41BFFB58B009D2C96 /* comment_icon.png in Resources */,
				09719AEA1BF72578009BEE15 /* Main.storyboard in Resources */,
				090094291C0E359800F4523B /* checkmark@2x.png in Resources */,
			);
			runOnlyForDeploymentPostprocessing = 0;
		};
/* End PBXResourcesBuildPhase section */

/* Begin PBXSourcesBuildPhase section */
		09719ADD1BF72578009BEE15 /* Sources */ = {
			isa = PBXSourcesBuildPhase;
			buildActionMask = 2147483647;
			files = (
				77E1F8A81C0D507300AEDF3E /* IQKeyboardManager.bundle in Sources */,
				0912CDA11C06E98C00A0E0E0 /* ColorPickerViewController.swift in Sources */,
				269896EB1BFE945100E7E6E9 /* CommentController.swift in Sources */,
				0974A8421C047FD700F1503E /* Sketch.swift in Sources */,
				09375CA61C05324300436510 /* IQBarButtonItem.swift in Sources */,
				092B446A1C0C32A400281D89 /* LineWidthPickerViewController.swift in Sources */,
				09719AE71BF72578009BEE15 /* ViewController.swift in Sources */,
				09F92C8F1C07C1FB00E420D1 /* Line.swift in Sources */,
				09719AFB1BF731C0009BEE15 /* SessionSetupTableViewController.swift in Sources */,
				09375C9E1C05324300436510 /* IQUIView+Hierarchy.swift in Sources */,
				0974A8451C04892900F1503E /* Threading.swift in Sources */,
				09375CA41C05324300436510 /* IQKeyboardReturnKeyHandler.swift in Sources */,
				09719AF91BF7315C009BEE15 /* WhiteboardViewController.swift in Sources */,
				09719B051BF74AA2009BEE15 /* SwiftyJSON.swift in Sources */,
				09375CA71C05324300436510 /* IQTitleBarButtonItem.swift in Sources */,
				092B446C1C0C433500281D89 /* FinishedSketchViewController.swift in Sources */,
				09375CA31C05324300436510 /* IQKeyboardManager.swift in Sources */,
				09719AF71BF72ACC009BEE15 /* FeedTableViewController.swift in Sources */,
				09375CA91C05324300436510 /* IQUIView+IQKeyboardToolbar.swift in Sources */,
				09375C9C1C05324300436510 /* IQNSArray+Sort.swift in Sources */,
				09375CA11C05324300436510 /* IQKeyboardManagerConstants.swift in Sources */,
				09375CA21C05324300436510 /* IQKeyboardManagerConstantsInternal.swift in Sources */,
				092B446E1C0C46B400281D89 /* InvitesViewController.swift in Sources */,
				0974A8471C049DBB00F1503E /* Artist.swift in Sources */,
				0974A8491C05074B00F1503E /* Comment.swift in Sources */,
				09375C9F1C05324300436510 /* IQUIViewController+Additions.swift in Sources */,
				09719AE51BF72578009BEE15 /* AppDelegate.swift in Sources */,
				09375C9D1C05324300436510 /* IQUITextFieldView+Additions.swift in Sources */,
				09375CA01C05324300436510 /* IQUIWindow+Hierarchy.swift in Sources */,
				09375CA51C05324300436510 /* IQTextView.swift in Sources */,
				09375CA81C05324300436510 /* IQToolbar.swift in Sources */,
				09F92C8D1C07C19500E420D1 /* WhiteboardView.swift in Sources */,
			);
			runOnlyForDeploymentPostprocessing = 0;
		};
/* End PBXSourcesBuildPhase section */

/* Begin PBXVariantGroup section */
		09719AE81BF72578009BEE15 /* Main.storyboard */ = {
			isa = PBXVariantGroup;
			children = (
				09719AE91BF72578009BEE15 /* Base */,
			);
			name = Main.storyboard;
			sourceTree = "<group>";
		};
		09719AED1BF72578009BEE15 /* LaunchScreen.storyboard */ = {
			isa = PBXVariantGroup;
			children = (
				09719AEE1BF72578009BEE15 /* Base */,
			);
			name = LaunchScreen.storyboard;
			sourceTree = "<group>";
		};
/* End PBXVariantGroup section */

/* Begin XCBuildConfiguration section */
		09719AF11BF72578009BEE15 /* Debug */ = {
			isa = XCBuildConfiguration;
			buildSettings = {
				ALWAYS_SEARCH_USER_PATHS = NO;
				CLANG_CXX_LANGUAGE_STANDARD = "gnu++0x";
				CLANG_CXX_LIBRARY = "libc++";
				CLANG_ENABLE_MODULES = YES;
				CLANG_ENABLE_OBJC_ARC = YES;
				CLANG_WARN_BOOL_CONVERSION = YES;
				CLANG_WARN_CONSTANT_CONVERSION = YES;
				CLANG_WARN_DIRECT_OBJC_ISA_USAGE = YES_ERROR;
				CLANG_WARN_EMPTY_BODY = YES;
				CLANG_WARN_ENUM_CONVERSION = YES;
				CLANG_WARN_INT_CONVERSION = YES;
				CLANG_WARN_OBJC_ROOT_CLASS = YES_ERROR;
				CLANG_WARN_UNREACHABLE_CODE = YES;
				CLANG_WARN__DUPLICATE_METHOD_MATCH = YES;
				"CODE_SIGN_IDENTITY[sdk=iphoneos*]" = "iPhone Developer";
				COPY_PHASE_STRIP = NO;
				DEBUG_INFORMATION_FORMAT = dwarf;
				ENABLE_STRICT_OBJC_MSGSEND = YES;
				ENABLE_TESTABILITY = YES;
				GCC_C_LANGUAGE_STANDARD = gnu99;
				GCC_DYNAMIC_NO_PIC = NO;
				GCC_NO_COMMON_BLOCKS = YES;
				GCC_OPTIMIZATION_LEVEL = 0;
				GCC_PREPROCESSOR_DEFINITIONS = (
					"DEBUG=1",
					"$(inherited)",
				);
				GCC_WARN_64_TO_32_BIT_CONVERSION = YES;
				GCC_WARN_ABOUT_RETURN_TYPE = YES_ERROR;
				GCC_WARN_UNDECLARED_SELECTOR = YES;
				GCC_WARN_UNINITIALIZED_AUTOS = YES_AGGRESSIVE;
				GCC_WARN_UNUSED_FUNCTION = YES;
				GCC_WARN_UNUSED_VARIABLE = YES;
				IPHONEOS_DEPLOYMENT_TARGET = 9.1;
				MTL_ENABLE_DEBUG_INFO = YES;
				ONLY_ACTIVE_ARCH = YES;
				SDKROOT = iphoneos;
				SWIFT_OPTIMIZATION_LEVEL = "-Onone";
				TARGETED_DEVICE_FAMILY = "1,2";
			};
			name = Debug;
		};
		09719AF21BF72578009BEE15 /* Release */ = {
			isa = XCBuildConfiguration;
			buildSettings = {
				ALWAYS_SEARCH_USER_PATHS = NO;
				CLANG_CXX_LANGUAGE_STANDARD = "gnu++0x";
				CLANG_CXX_LIBRARY = "libc++";
				CLANG_ENABLE_MODULES = YES;
				CLANG_ENABLE_OBJC_ARC = YES;
				CLANG_WARN_BOOL_CONVERSION = YES;
				CLANG_WARN_CONSTANT_CONVERSION = YES;
				CLANG_WARN_DIRECT_OBJC_ISA_USAGE = YES_ERROR;
				CLANG_WARN_EMPTY_BODY = YES;
				CLANG_WARN_ENUM_CONVERSION = YES;
				CLANG_WARN_INT_CONVERSION = YES;
				CLANG_WARN_OBJC_ROOT_CLASS = YES_ERROR;
				CLANG_WARN_UNREACHABLE_CODE = YES;
				CLANG_WARN__DUPLICATE_METHOD_MATCH = YES;
				"CODE_SIGN_IDENTITY[sdk=iphoneos*]" = "iPhone Developer";
				COPY_PHASE_STRIP = NO;
				DEBUG_INFORMATION_FORMAT = "dwarf-with-dsym";
				ENABLE_NS_ASSERTIONS = NO;
				ENABLE_STRICT_OBJC_MSGSEND = YES;
				GCC_C_LANGUAGE_STANDARD = gnu99;
				GCC_NO_COMMON_BLOCKS = YES;
				GCC_WARN_64_TO_32_BIT_CONVERSION = YES;
				GCC_WARN_ABOUT_RETURN_TYPE = YES_ERROR;
				GCC_WARN_UNDECLARED_SELECTOR = YES;
				GCC_WARN_UNINITIALIZED_AUTOS = YES_AGGRESSIVE;
				GCC_WARN_UNUSED_FUNCTION = YES;
				GCC_WARN_UNUSED_VARIABLE = YES;
				IPHONEOS_DEPLOYMENT_TARGET = 9.1;
				MTL_ENABLE_DEBUG_INFO = NO;
				SDKROOT = iphoneos;
				TARGETED_DEVICE_FAMILY = "1,2";
				VALIDATE_PRODUCT = YES;
			};
			name = Release;
		};
		09719AF41BF72578009BEE15 /* Debug */ = {
			isa = XCBuildConfiguration;
			buildSettings = {
				ASSETCATALOG_COMPILER_APPICON_NAME = AppIcon;
				INFOPLIST_FILE = TenLines/Info.plist;
				IPHONEOS_DEPLOYMENT_TARGET = 8.0;
				LD_RUNPATH_SEARCH_PATHS = "$(inherited) @executable_path/Frameworks";
				PRODUCT_BUNDLE_IDENTIFIER = art.attack.TenLines;
				PRODUCT_NAME = "$(TARGET_NAME)";
			};
			name = Debug;
		};
		09719AF51BF72578009BEE15 /* Release */ = {
			isa = XCBuildConfiguration;
			buildSettings = {
				ASSETCATALOG_COMPILER_APPICON_NAME = AppIcon;
				INFOPLIST_FILE = TenLines/Info.plist;
				IPHONEOS_DEPLOYMENT_TARGET = 8.0;
				LD_RUNPATH_SEARCH_PATHS = "$(inherited) @executable_path/Frameworks";
				PRODUCT_BUNDLE_IDENTIFIER = art.attack.TenLines;
				PRODUCT_NAME = "$(TARGET_NAME)";
			};
			name = Release;
		};
/* End XCBuildConfiguration section */

/* Begin XCConfigurationList section */
		09719ADC1BF72578009BEE15 /* Build configuration list for PBXProject "TenLines" */ = {
			isa = XCConfigurationList;
			buildConfigurations = (
				09719AF11BF72578009BEE15 /* Debug */,
				09719AF21BF72578009BEE15 /* Release */,
			);
			defaultConfigurationIsVisible = 0;
			defaultConfigurationName = Release;
		};
		09719AF31BF72578009BEE15 /* Build configuration list for PBXNativeTarget "TenLines" */ = {
			isa = XCConfigurationList;
			buildConfigurations = (
				09719AF41BF72578009BEE15 /* Debug */,
				09719AF51BF72578009BEE15 /* Release */,
			);
			defaultConfigurationIsVisible = 0;
			defaultConfigurationName = Release;
		};
/* End XCConfigurationList section */
	};
	rootObject = 09719AD91BF72578009BEE15 /* Project object */;
}
